
Microsoft Visual Studio Solution File, Format Version 12.00
# Visual Studio 14
VisualStudioVersion = 14.0.23107.0
MinimumVisualStudioVersion = 10.0.40219.1
Project("{FAE04EC0-301F-11D3-BF4B-00C04F79EFBC}") = "Pulsar.Infrastructure.DataCollector", "Pulsar.Infrastructure.DataCollector\Pulsar.Infrastructure.DataCollector.csproj", "{C189E1C6-B4C7-4F51-8C96-084577A42164}"
EndProject
Project("{FAE04EC0-301F-11D3-BF4B-00C04F79EFBC}") = "Pulsar.Client", "Pulsar.Client\Pulsar.Client.csproj", "{97CFFB91-71AF-4AEC-ADC6-E8B5B66E61C8}"
EndProject
Project("{FAE04EC0-301F-11D3-BF4B-00C04F79EFBC}") = "Pulsar.Contracts", "Pulsar.Contracts\Pulsar.Contracts.csproj", "{008BFF04-8FAB-49EE-8311-46AA68740086}"
EndProject
Project("{CC5FD16D-436D-48AD-A40C-5A424C6E3E79}") = "Pulsar.Services.Azure", "Pulsar.Services.Azure\Pulsar.Services.Azure.ccproj", "{255DB334-F3DE-4338-8611-1CA547223F26}"
EndProject
Project("{FAE04EC0-301F-11D3-BF4B-00C04F79EFBC}") = "Pulsar.Services.Soap", "Pulsar.Services.Soap\Pulsar.Services.Soap.csproj", "{A5FF030C-0AFD-4A5A-BCD5-BCB3A51EF0DF}"
EndProject
Project("{FAE04EC0-301F-11D3-BF4B-00C04F79EFBC}") = "Pulsar.Contracts.Portable", "Pulsar.Contracts.Portable\Pulsar.Contracts.Portable.csproj", "{05F5AA9A-6649-4753-803B-E0B9A6EA285C}"
EndProject
Project("{FAE04EC0-301F-11D3-BF4B-00C04F79EFBC}") = "Pulsar.Services.Rest", "Pulsar.Services.Rest\Pulsar.Services.Rest.csproj", "{F4A06D9C-4972-40CE-9867-434F79C397B7}"
EndProject
Project("{2150E333-8FDC-42A3-9474-1A3956D46DE8}") = ".nuget", ".nuget", "{8504D47F-9E23-4FBC-95B5-5DE26B92525D}"
	ProjectSection(SolutionItems) = preProject
		.nuget\NuGet.Config = .nuget\NuGet.Config
		.nuget\NuGet.exe = .nuget\NuGet.exe
		.nuget\NuGet.targets = .nuget\NuGet.targets
	EndProjectSection
EndProject
Project("{FAE04EC0-301F-11D3-BF4B-00C04F79EFBC}") = "Pulsar.Services.HouseManager", "Pulsar.Services.HouseManager\Pulsar.Services.HouseManager.csproj", "{4F62F993-CD08-42D6-B961-FBCD06B422EF}"
EndProject
Project("{FAE04EC0-301F-11D3-BF4B-00C04F79EFBC}") = "Pulsar.Services.HouseManager.Test", "Pulsar.Services.HouseManager.Test\Pulsar.Services.HouseManager.Test.csproj", "{3FFA79BA-A1C3-4656-ADE0-28A9D96212DF}"
EndProject
Project("{FAE04EC0-301F-11D3-BF4B-00C04F79EFBC}") = "Pulsar.Infrastructure.DataCollector.Test", "Pulsar.Infrastructure.DataCollector.Test\Pulsar.Infrastructure.DataCollector.Test.csproj", "{C9F369C8-7036-46FB-B72B-550DE932FDB9}"
EndProject
Project("{FAE04EC0-301F-11D3-BF4B-00C04F79EFBC}") = "Pulsar.Client.Test", "Pulsar.Client.Test\Pulsar.Client.Test.csproj", "{605E9C2D-85B1-4CB3-9736-BDEC19ECF3A2}"
EndProject
Project("{FAE04EC0-301F-11D3-BF4B-00C04F79EFBC}") = "Pulsar.Controllers.CoreController.Test", "Pulsar.Controllers.CoreController.Test\Pulsar.Controllers.CoreController.Test.csproj", "{3DD797D3-169B-4C08-8EFF-2DD1885C449B}"
EndProject
Project("{FAE04EC0-301F-11D3-BF4B-00C04F79EFBC}") = "Pulsar.Gateways.Pimatic", "Pulsar.Gateways.Pimatic\Pulsar.Gateways.Pimatic.csproj", "{AAE842E7-C2A0-4DD4-BC8B-0758EFB3E56C}"
EndProject
Project("{FAE04EC0-301F-11D3-BF4B-00C04F79EFBC}") = "Pulsar.Gateways.Pimatic.Test", "Pulsar.Gateways.Pimatic.Test\Pulsar.Gateways.Pimatic.Test.csproj", "{5FFCFCB5-BB78-4C24-AE55-03C3FD012859}"
EndProject
Project("{FAE04EC0-301F-11D3-BF4B-00C04F79EFBC}") = "Pulsar.Gateways.PushBullet", "Pulsar.Gateways.PushBullet\Pulsar.Gateways.PushBullet.csproj", "{99FEB25D-9F2B-4407-AD5C-7943FD6C3264}"
EndProject
Project("{FAE04EC0-301F-11D3-BF4B-00C04F79EFBC}") = "Pulsar.Gateways.PushBullet.Test", "Pulsar.Gateways.PushBullet.Test\Pulsar.Gateways.PushBullet.Test.csproj", "{EF44DE6F-2647-4EBA-A888-F0596E674B86}"
EndProject
Project("{FAE04EC0-301F-11D3-BF4B-00C04F79EFBC}") = "Pulsar.Controllers.ComController.Test", "Pulsar.Controllers.ComController.Test\Pulsar.Controllers.ComController.Test.csproj", "{19B7E513-AA5C-46E7-863E-2E1D380CF918}"
EndProject
Project("{FAE04EC0-301F-11D3-BF4B-00C04F79EFBC}") = "Pulsar.Processor", "Pulsar.Processor\Pulsar.Processor.csproj", "{60073C6F-72D5-434F-A021-A125DF6C944F}"
EndProject
Project("{FAE04EC0-301F-11D3-BF4B-00C04F79EFBC}") = "Pulsar.Processor.Test", "Pulsar.Processor.Test\Pulsar.Processor.Test.csproj", "{4173723D-DFC6-4FC5-AE64-FB341B9909ED}"
EndProject
Project("{2150E333-8FDC-42A3-9474-1A3956D46DE8}") = "Documentation", "Documentation", "{BCEEE46A-D4C0-47F3-A129-F647F1079DBD}"
	ProjectSection(SolutionItems) = preProject
		Error_Codes.txt = Error_Codes.txt
	EndProjectSection
EndProject
Project("{FAE04EC0-301F-11D3-BF4B-00C04F79EFBC}") = "Pulsar.Test", "Pulsar.Test\Pulsar.Test.csproj", "{06C7E068-6211-48F3-9D88-487C82059AF0}"
EndProject
Project("{FAE04EC0-301F-11D3-BF4B-00C04F79EFBC}") = "Pulsar.Controllers.ComController", "Pulsar.Controllers.ComController\Pulsar.Controllers.ComController.csproj", "{5FDFF6A9-A005-4EC6-B8D6-E9DD75C9AD32}"
EndProject
Project("{FAE04EC0-301F-11D3-BF4B-00C04F79EFBC}") = "Pulsar.Controllers.CoreController", "Pulsar.Controllers.CoreController\Pulsar.Controllers.CoreController.csproj", "{3822F24C-B886-43C2-8875-A79E5BF20B8D}"
EndProject
Global
	GlobalSection(SolutionConfigurationPlatforms) = preSolution
		Debug|Any CPU = Debug|Any CPU
		Debug|ARM = Debug|ARM
		Debug|x64 = Debug|x64
		Debug|x86 = Debug|x86
		Development|Any CPU = Development|Any CPU
		Development|ARM = Development|ARM
		Development|x64 = Development|x64
		Development|x86 = Development|x86
		Release|Any CPU = Release|Any CPU
		Release|ARM = Release|ARM
		Release|x64 = Release|x64
		Release|x86 = Release|x86
	EndGlobalSection
	GlobalSection(ProjectConfigurationPlatforms) = postSolution
		{C189E1C6-B4C7-4F51-8C96-084577A42164}.Debug|Any CPU.ActiveCfg = Debug|Any CPU
		{C189E1C6-B4C7-4F51-8C96-084577A42164}.Debug|Any CPU.Build.0 = Debug|Any CPU
		{C189E1C6-B4C7-4F51-8C96-084577A42164}.Debug|ARM.ActiveCfg = Debug|Any CPU
		{C189E1C6-B4C7-4F51-8C96-084577A42164}.Debug|x64.ActiveCfg = Debug|Any CPU
		{C189E1C6-B4C7-4F51-8C96-084577A42164}.Debug|x86.ActiveCfg = Debug|Any CPU
		{C189E1C6-B4C7-4F51-8C96-084577A42164}.Development|Any CPU.ActiveCfg = Development|Any CPU
		{C189E1C6-B4C7-4F51-8C96-084577A42164}.Development|Any CPU.Build.0 = Development|Any CPU
		{C189E1C6-B4C7-4F51-8C96-084577A42164}.Development|ARM.ActiveCfg = Development|Any CPU
		{C189E1C6-B4C7-4F51-8C96-084577A42164}.Development|ARM.Build.0 = Development|Any CPU
		{C189E1C6-B4C7-4F51-8C96-084577A42164}.Development|x64.ActiveCfg = Development|Any CPU
		{C189E1C6-B4C7-4F51-8C96-084577A42164}.Development|x64.Build.0 = Development|Any CPU
		{C189E1C6-B4C7-4F51-8C96-084577A42164}.Development|x86.ActiveCfg = Development|Any CPU
		{C189E1C6-B4C7-4F51-8C96-084577A42164}.Development|x86.Build.0 = Development|Any CPU
		{C189E1C6-B4C7-4F51-8C96-084577A42164}.Release|Any CPU.ActiveCfg = Release|Any CPU
		{C189E1C6-B4C7-4F51-8C96-084577A42164}.Release|Any CPU.Build.0 = Release|Any CPU
		{C189E1C6-B4C7-4F51-8C96-084577A42164}.Release|ARM.ActiveCfg = Release|Any CPU
		{C189E1C6-B4C7-4F51-8C96-084577A42164}.Release|x64.ActiveCfg = Release|Any CPU
		{C189E1C6-B4C7-4F51-8C96-084577A42164}.Release|x86.ActiveCfg = Release|Any CPU
		{97CFFB91-71AF-4AEC-ADC6-E8B5B66E61C8}.Debug|Any CPU.ActiveCfg = Debug|Any CPU
		{97CFFB91-71AF-4AEC-ADC6-E8B5B66E61C8}.Debug|Any CPU.Build.0 = Debug|Any CPU
		{97CFFB91-71AF-4AEC-ADC6-E8B5B66E61C8}.Debug|ARM.ActiveCfg = Debug|Any CPU
		{97CFFB91-71AF-4AEC-ADC6-E8B5B66E61C8}.Debug|x64.ActiveCfg = Debug|Any CPU
		{97CFFB91-71AF-4AEC-ADC6-E8B5B66E61C8}.Debug|x86.ActiveCfg = Debug|Any CPU
		{97CFFB91-71AF-4AEC-ADC6-E8B5B66E61C8}.Development|Any CPU.ActiveCfg = Development|Any CPU
		{97CFFB91-71AF-4AEC-ADC6-E8B5B66E61C8}.Development|Any CPU.Build.0 = Development|Any CPU
		{97CFFB91-71AF-4AEC-ADC6-E8B5B66E61C8}.Development|ARM.ActiveCfg = Development|Any CPU
		{97CFFB91-71AF-4AEC-ADC6-E8B5B66E61C8}.Development|ARM.Build.0 = Development|Any CPU
		{97CFFB91-71AF-4AEC-ADC6-E8B5B66E61C8}.Development|x64.ActiveCfg = Development|Any CPU
		{97CFFB91-71AF-4AEC-ADC6-E8B5B66E61C8}.Development|x64.Build.0 = Development|Any CPU
		{97CFFB91-71AF-4AEC-ADC6-E8B5B66E61C8}.Development|x86.ActiveCfg = Development|Any CPU
		{97CFFB91-71AF-4AEC-ADC6-E8B5B66E61C8}.Development|x86.Build.0 = Development|Any CPU
		{97CFFB91-71AF-4AEC-ADC6-E8B5B66E61C8}.Release|Any CPU.ActiveCfg = Release|Any CPU
		{97CFFB91-71AF-4AEC-ADC6-E8B5B66E61C8}.Release|Any CPU.Build.0 = Release|Any CPU
		{97CFFB91-71AF-4AEC-ADC6-E8B5B66E61C8}.Release|ARM.ActiveCfg = Release|Any CPU
		{97CFFB91-71AF-4AEC-ADC6-E8B5B66E61C8}.Release|x64.ActiveCfg = Release|Any CPU
		{97CFFB91-71AF-4AEC-ADC6-E8B5B66E61C8}.Release|x86.ActiveCfg = Release|Any CPU
		{008BFF04-8FAB-49EE-8311-46AA68740086}.Debug|Any CPU.ActiveCfg = Debug|Any CPU
		{008BFF04-8FAB-49EE-8311-46AA68740086}.Debug|Any CPU.Build.0 = Debug|Any CPU
		{008BFF04-8FAB-49EE-8311-46AA68740086}.Debug|ARM.ActiveCfg = Debug|Any CPU
		{008BFF04-8FAB-49EE-8311-46AA68740086}.Debug|x64.ActiveCfg = Debug|Any CPU
		{008BFF04-8FAB-49EE-8311-46AA68740086}.Debug|x86.ActiveCfg = Debug|Any CPU
		{008BFF04-8FAB-49EE-8311-46AA68740086}.Development|Any CPU.ActiveCfg = Development|Any CPU
		{008BFF04-8FAB-49EE-8311-46AA68740086}.Development|Any CPU.Build.0 = Development|Any CPU
		{008BFF04-8FAB-49EE-8311-46AA68740086}.Development|ARM.ActiveCfg = Development|Any CPU
		{008BFF04-8FAB-49EE-8311-46AA68740086}.Development|ARM.Build.0 = Development|Any CPU
		{008BFF04-8FAB-49EE-8311-46AA68740086}.Development|x64.ActiveCfg = Development|Any CPU
		{008BFF04-8FAB-49EE-8311-46AA68740086}.Development|x64.Build.0 = Development|Any CPU
		{008BFF04-8FAB-49EE-8311-46AA68740086}.Development|x86.ActiveCfg = Development|Any CPU
		{008BFF04-8FAB-49EE-8311-46AA68740086}.Development|x86.Build.0 = Development|Any CPU
		{008BFF04-8FAB-49EE-8311-46AA68740086}.Release|Any CPU.ActiveCfg = Release|Any CPU
		{008BFF04-8FAB-49EE-8311-46AA68740086}.Release|Any CPU.Build.0 = Release|Any CPU
		{008BFF04-8FAB-49EE-8311-46AA68740086}.Release|ARM.ActiveCfg = Release|Any CPU
		{008BFF04-8FAB-49EE-8311-46AA68740086}.Release|x64.ActiveCfg = Release|Any CPU
		{008BFF04-8FAB-49EE-8311-46AA68740086}.Release|x86.ActiveCfg = Release|Any CPU
		{255DB334-F3DE-4338-8611-1CA547223F26}.Debug|Any CPU.ActiveCfg = Debug|Any CPU
		{255DB334-F3DE-4338-8611-1CA547223F26}.Debug|Any CPU.Build.0 = Debug|Any CPU
		{255DB334-F3DE-4338-8611-1CA547223F26}.Debug|ARM.ActiveCfg = Debug|Any CPU
		{255DB334-F3DE-4338-8611-1CA547223F26}.Debug|x64.ActiveCfg = Debug|Any CPU
		{255DB334-F3DE-4338-8611-1CA547223F26}.Debug|x86.ActiveCfg = Debug|Any CPU
		{255DB334-F3DE-4338-8611-1CA547223F26}.Development|Any CPU.ActiveCfg = Development|Any CPU
		{255DB334-F3DE-4338-8611-1CA547223F26}.Development|Any CPU.Build.0 = Development|Any CPU
		{255DB334-F3DE-4338-8611-1CA547223F26}.Development|ARM.ActiveCfg = Development|Any CPU
		{255DB334-F3DE-4338-8611-1CA547223F26}.Development|ARM.Build.0 = Development|Any CPU
		{255DB334-F3DE-4338-8611-1CA547223F26}.Development|x64.ActiveCfg = Development|Any CPU
		{255DB334-F3DE-4338-8611-1CA547223F26}.Development|x64.Build.0 = Development|Any CPU
		{255DB334-F3DE-4338-8611-1CA547223F26}.Development|x86.ActiveCfg = Development|Any CPU
		{255DB334-F3DE-4338-8611-1CA547223F26}.Development|x86.Build.0 = Development|Any CPU
		{255DB334-F3DE-4338-8611-1CA547223F26}.Release|Any CPU.ActiveCfg = Release|Any CPU
		{255DB334-F3DE-4338-8611-1CA547223F26}.Release|Any CPU.Build.0 = Release|Any CPU
		{255DB334-F3DE-4338-8611-1CA547223F26}.Release|ARM.ActiveCfg = Release|Any CPU
		{255DB334-F3DE-4338-8611-1CA547223F26}.Release|x64.ActiveCfg = Release|Any CPU
		{255DB334-F3DE-4338-8611-1CA547223F26}.Release|x86.ActiveCfg = Release|Any CPU
		{A5FF030C-0AFD-4A5A-BCD5-BCB3A51EF0DF}.Debug|Any CPU.ActiveCfg = Debug|Any CPU
		{A5FF030C-0AFD-4A5A-BCD5-BCB3A51EF0DF}.Debug|Any CPU.Build.0 = Debug|Any CPU
		{A5FF030C-0AFD-4A5A-BCD5-BCB3A51EF0DF}.Debug|ARM.ActiveCfg = Debug|Any CPU
		{A5FF030C-0AFD-4A5A-BCD5-BCB3A51EF0DF}.Debug|x64.ActiveCfg = Debug|Any CPU
		{A5FF030C-0AFD-4A5A-BCD5-BCB3A51EF0DF}.Debug|x86.ActiveCfg = Debug|Any CPU
		{A5FF030C-0AFD-4A5A-BCD5-BCB3A51EF0DF}.Development|Any CPU.ActiveCfg = Development|Any CPU
		{A5FF030C-0AFD-4A5A-BCD5-BCB3A51EF0DF}.Development|Any CPU.Build.0 = Development|Any CPU
		{A5FF030C-0AFD-4A5A-BCD5-BCB3A51EF0DF}.Development|ARM.ActiveCfg = Development|Any CPU
		{A5FF030C-0AFD-4A5A-BCD5-BCB3A51EF0DF}.Development|ARM.Build.0 = Development|Any CPU
		{A5FF030C-0AFD-4A5A-BCD5-BCB3A51EF0DF}.Development|x64.ActiveCfg = Development|Any CPU
		{A5FF030C-0AFD-4A5A-BCD5-BCB3A51EF0DF}.Development|x64.Build.0 = Development|Any CPU
		{A5FF030C-0AFD-4A5A-BCD5-BCB3A51EF0DF}.Development|x86.ActiveCfg = Development|Any CPU
		{A5FF030C-0AFD-4A5A-BCD5-BCB3A51EF0DF}.Development|x86.Build.0 = Development|Any CPU
		{A5FF030C-0AFD-4A5A-BCD5-BCB3A51EF0DF}.Release|Any CPU.ActiveCfg = Release|Any CPU
		{A5FF030C-0AFD-4A5A-BCD5-BCB3A51EF0DF}.Release|Any CPU.Build.0 = Release|Any CPU
		{A5FF030C-0AFD-4A5A-BCD5-BCB3A51EF0DF}.Release|ARM.ActiveCfg = Release|Any CPU
		{A5FF030C-0AFD-4A5A-BCD5-BCB3A51EF0DF}.Release|x64.ActiveCfg = Release|Any CPU
		{A5FF030C-0AFD-4A5A-BCD5-BCB3A51EF0DF}.Release|x86.ActiveCfg = Release|Any CPU
		{05F5AA9A-6649-4753-803B-E0B9A6EA285C}.Debug|Any CPU.ActiveCfg = Debug|Any CPU
		{05F5AA9A-6649-4753-803B-E0B9A6EA285C}.Debug|Any CPU.Build.0 = Debug|Any CPU
		{05F5AA9A-6649-4753-803B-E0B9A6EA285C}.Debug|ARM.ActiveCfg = Debug|Any CPU
		{05F5AA9A-6649-4753-803B-E0B9A6EA285C}.Debug|x64.ActiveCfg = Debug|Any CPU
		{05F5AA9A-6649-4753-803B-E0B9A6EA285C}.Debug|x86.ActiveCfg = Debug|Any CPU
		{05F5AA9A-6649-4753-803B-E0B9A6EA285C}.Development|Any CPU.ActiveCfg = Development|Any CPU
		{05F5AA9A-6649-4753-803B-E0B9A6EA285C}.Development|Any CPU.Build.0 = Development|Any CPU
		{05F5AA9A-6649-4753-803B-E0B9A6EA285C}.Development|ARM.ActiveCfg = Development|Any CPU
		{05F5AA9A-6649-4753-803B-E0B9A6EA285C}.Development|ARM.Build.0 = Development|Any CPU
		{05F5AA9A-6649-4753-803B-E0B9A6EA285C}.Development|x64.ActiveCfg = Development|Any CPU
		{05F5AA9A-6649-4753-803B-E0B9A6EA285C}.Development|x64.Build.0 = Development|Any CPU
		{05F5AA9A-6649-4753-803B-E0B9A6EA285C}.Development|x86.ActiveCfg = Development|Any CPU
		{05F5AA9A-6649-4753-803B-E0B9A6EA285C}.Development|x86.Build.0 = Development|Any CPU
		{05F5AA9A-6649-4753-803B-E0B9A6EA285C}.Release|Any CPU.ActiveCfg = Release|Any CPU
		{05F5AA9A-6649-4753-803B-E0B9A6EA285C}.Release|Any CPU.Build.0 = Release|Any CPU
		{05F5AA9A-6649-4753-803B-E0B9A6EA285C}.Release|ARM.ActiveCfg = Release|Any CPU
		{05F5AA9A-6649-4753-803B-E0B9A6EA285C}.Release|x64.ActiveCfg = Release|Any CPU
		{05F5AA9A-6649-4753-803B-E0B9A6EA285C}.Release|x86.ActiveCfg = Release|Any CPU
		{F4A06D9C-4972-40CE-9867-434F79C397B7}.Debug|Any CPU.ActiveCfg = Debug|Any CPU
		{F4A06D9C-4972-40CE-9867-434F79C397B7}.Debug|Any CPU.Build.0 = Debug|Any CPU
		{F4A06D9C-4972-40CE-9867-434F79C397B7}.Debug|ARM.ActiveCfg = Debug|Any CPU
		{F4A06D9C-4972-40CE-9867-434F79C397B7}.Debug|x64.ActiveCfg = Debug|Any CPU
		{F4A06D9C-4972-40CE-9867-434F79C397B7}.Debug|x86.ActiveCfg = Debug|Any CPU
		{F4A06D9C-4972-40CE-9867-434F79C397B7}.Development|Any CPU.ActiveCfg = Development|Any CPU
		{F4A06D9C-4972-40CE-9867-434F79C397B7}.Development|Any CPU.Build.0 = Development|Any CPU
		{F4A06D9C-4972-40CE-9867-434F79C397B7}.Development|ARM.ActiveCfg = Development|Any CPU
		{F4A06D9C-4972-40CE-9867-434F79C397B7}.Development|ARM.Build.0 = Development|Any CPU
		{F4A06D9C-4972-40CE-9867-434F79C397B7}.Development|x64.ActiveCfg = Development|Any CPU
		{F4A06D9C-4972-40CE-9867-434F79C397B7}.Development|x64.Build.0 = Development|Any CPU
		{F4A06D9C-4972-40CE-9867-434F79C397B7}.Development|x86.ActiveCfg = Development|Any CPU
		{F4A06D9C-4972-40CE-9867-434F79C397B7}.Development|x86.Build.0 = Development|Any CPU
		{F4A06D9C-4972-40CE-9867-434F79C397B7}.Release|Any CPU.ActiveCfg = Release|Any CPU
		{F4A06D9C-4972-40CE-9867-434F79C397B7}.Release|Any CPU.Build.0 = Release|Any CPU
		{F4A06D9C-4972-40CE-9867-434F79C397B7}.Release|ARM.ActiveCfg = Release|Any CPU
		{F4A06D9C-4972-40CE-9867-434F79C397B7}.Release|x64.ActiveCfg = Release|Any CPU
		{F4A06D9C-4972-40CE-9867-434F79C397B7}.Release|x86.ActiveCfg = Release|Any CPU
		{4F62F993-CD08-42D6-B961-FBCD06B422EF}.Debug|Any CPU.ActiveCfg = Debug|Any CPU
		{4F62F993-CD08-42D6-B961-FBCD06B422EF}.Debug|Any CPU.Build.0 = Debug|Any CPU
		{4F62F993-CD08-42D6-B961-FBCD06B422EF}.Debug|ARM.ActiveCfg = Debug|Any CPU
		{4F62F993-CD08-42D6-B961-FBCD06B422EF}.Debug|x64.ActiveCfg = Debug|Any CPU
		{4F62F993-CD08-42D6-B961-FBCD06B422EF}.Debug|x86.ActiveCfg = Debug|Any CPU
		{4F62F993-CD08-42D6-B961-FBCD06B422EF}.Development|Any CPU.ActiveCfg = Development|Any CPU
		{4F62F993-CD08-42D6-B961-FBCD06B422EF}.Development|Any CPU.Build.0 = Development|Any CPU
		{4F62F993-CD08-42D6-B961-FBCD06B422EF}.Development|ARM.ActiveCfg = Development|Any CPU
		{4F62F993-CD08-42D6-B961-FBCD06B422EF}.Development|ARM.Build.0 = Development|Any CPU
		{4F62F993-CD08-42D6-B961-FBCD06B422EF}.Development|x64.ActiveCfg = Development|Any CPU
		{4F62F993-CD08-42D6-B961-FBCD06B422EF}.Development|x64.Build.0 = Development|Any CPU
		{4F62F993-CD08-42D6-B961-FBCD06B422EF}.Development|x86.ActiveCfg = Development|Any CPU
		{4F62F993-CD08-42D6-B961-FBCD06B422EF}.Development|x86.Build.0 = Development|Any CPU
		{4F62F993-CD08-42D6-B961-FBCD06B422EF}.Release|Any CPU.ActiveCfg = Release|Any CPU
		{4F62F993-CD08-42D6-B961-FBCD06B422EF}.Release|Any CPU.Build.0 = Release|Any CPU
		{4F62F993-CD08-42D6-B961-FBCD06B422EF}.Release|ARM.ActiveCfg = Release|Any CPU
		{4F62F993-CD08-42D6-B961-FBCD06B422EF}.Release|x64.ActiveCfg = Release|Any CPU
		{4F62F993-CD08-42D6-B961-FBCD06B422EF}.Release|x86.ActiveCfg = Release|Any CPU
		{3FFA79BA-A1C3-4656-ADE0-28A9D96212DF}.Debug|Any CPU.ActiveCfg = Debug|Any CPU
		{3FFA79BA-A1C3-4656-ADE0-28A9D96212DF}.Debug|Any CPU.Build.0 = Debug|Any CPU
		{3FFA79BA-A1C3-4656-ADE0-28A9D96212DF}.Debug|ARM.ActiveCfg = Debug|Any CPU
		{3FFA79BA-A1C3-4656-ADE0-28A9D96212DF}.Debug|x64.ActiveCfg = Debug|Any CPU
		{3FFA79BA-A1C3-4656-ADE0-28A9D96212DF}.Debug|x86.ActiveCfg = Debug|Any CPU
		{3FFA79BA-A1C3-4656-ADE0-28A9D96212DF}.Development|Any CPU.ActiveCfg = Development|Any CPU
		{3FFA79BA-A1C3-4656-ADE0-28A9D96212DF}.Development|Any CPU.Build.0 = Development|Any CPU
		{3FFA79BA-A1C3-4656-ADE0-28A9D96212DF}.Development|ARM.ActiveCfg = Development|Any CPU
		{3FFA79BA-A1C3-4656-ADE0-28A9D96212DF}.Development|ARM.Build.0 = Development|Any CPU
		{3FFA79BA-A1C3-4656-ADE0-28A9D96212DF}.Development|x64.ActiveCfg = Development|Any CPU
		{3FFA79BA-A1C3-4656-ADE0-28A9D96212DF}.Development|x64.Build.0 = Development|Any CPU
		{3FFA79BA-A1C3-4656-ADE0-28A9D96212DF}.Development|x86.ActiveCfg = Development|Any CPU
		{3FFA79BA-A1C3-4656-ADE0-28A9D96212DF}.Development|x86.Build.0 = Development|Any CPU
		{3FFA79BA-A1C3-4656-ADE0-28A9D96212DF}.Release|Any CPU.ActiveCfg = Release|Any CPU
		{3FFA79BA-A1C3-4656-ADE0-28A9D96212DF}.Release|Any CPU.Build.0 = Release|Any CPU
		{3FFA79BA-A1C3-4656-ADE0-28A9D96212DF}.Release|ARM.ActiveCfg = Release|Any CPU
		{3FFA79BA-A1C3-4656-ADE0-28A9D96212DF}.Release|x64.ActiveCfg = Release|Any CPU
		{3FFA79BA-A1C3-4656-ADE0-28A9D96212DF}.Release|x86.ActiveCfg = Release|Any CPU
		{C9F369C8-7036-46FB-B72B-550DE932FDB9}.Debug|Any CPU.ActiveCfg = Debug|Any CPU
		{C9F369C8-7036-46FB-B72B-550DE932FDB9}.Debug|Any CPU.Build.0 = Debug|Any CPU
		{C9F369C8-7036-46FB-B72B-550DE932FDB9}.Debug|ARM.ActiveCfg = Debug|Any CPU
		{C9F369C8-7036-46FB-B72B-550DE932FDB9}.Debug|ARM.Build.0 = Debug|Any CPU
		{C9F369C8-7036-46FB-B72B-550DE932FDB9}.Debug|x64.ActiveCfg = Debug|Any CPU
		{C9F369C8-7036-46FB-B72B-550DE932FDB9}.Debug|x64.Build.0 = Debug|Any CPU
		{C9F369C8-7036-46FB-B72B-550DE932FDB9}.Debug|x86.ActiveCfg = Debug|Any CPU
		{C9F369C8-7036-46FB-B72B-550DE932FDB9}.Debug|x86.Build.0 = Debug|Any CPU
		{C9F369C8-7036-46FB-B72B-550DE932FDB9}.Development|Any CPU.ActiveCfg = Development|Any CPU
		{C9F369C8-7036-46FB-B72B-550DE932FDB9}.Development|Any CPU.Build.0 = Development|Any CPU
		{C9F369C8-7036-46FB-B72B-550DE932FDB9}.Development|ARM.ActiveCfg = Development|Any CPU
		{C9F369C8-7036-46FB-B72B-550DE932FDB9}.Development|ARM.Build.0 = Development|Any CPU
		{C9F369C8-7036-46FB-B72B-550DE932FDB9}.Development|x64.ActiveCfg = Development|Any CPU
		{C9F369C8-7036-46FB-B72B-550DE932FDB9}.Development|x64.Build.0 = Development|Any CPU
		{C9F369C8-7036-46FB-B72B-550DE932FDB9}.Development|x86.ActiveCfg = Development|Any CPU
		{C9F369C8-7036-46FB-B72B-550DE932FDB9}.Development|x86.Build.0 = Development|Any CPU
		{C9F369C8-7036-46FB-B72B-550DE932FDB9}.Release|Any CPU.ActiveCfg = Release|Any CPU
		{C9F369C8-7036-46FB-B72B-550DE932FDB9}.Release|Any CPU.Build.0 = Release|Any CPU
		{C9F369C8-7036-46FB-B72B-550DE932FDB9}.Release|ARM.ActiveCfg = Release|Any CPU
		{C9F369C8-7036-46FB-B72B-550DE932FDB9}.Release|ARM.Build.0 = Release|Any CPU
		{C9F369C8-7036-46FB-B72B-550DE932FDB9}.Release|x64.ActiveCfg = Release|Any CPU
		{C9F369C8-7036-46FB-B72B-550DE932FDB9}.Release|x64.Build.0 = Release|Any CPU
		{C9F369C8-7036-46FB-B72B-550DE932FDB9}.Release|x86.ActiveCfg = Release|Any CPU
		{C9F369C8-7036-46FB-B72B-550DE932FDB9}.Release|x86.Build.0 = Release|Any CPU
		{605E9C2D-85B1-4CB3-9736-BDEC19ECF3A2}.Debug|Any CPU.ActiveCfg = Debug|Any CPU
		{605E9C2D-85B1-4CB3-9736-BDEC19ECF3A2}.Debug|Any CPU.Build.0 = Debug|Any CPU
		{605E9C2D-85B1-4CB3-9736-BDEC19ECF3A2}.Debug|ARM.ActiveCfg = Debug|Any CPU
		{605E9C2D-85B1-4CB3-9736-BDEC19ECF3A2}.Debug|ARM.Build.0 = Debug|Any CPU
		{605E9C2D-85B1-4CB3-9736-BDEC19ECF3A2}.Debug|x64.ActiveCfg = Debug|Any CPU
		{605E9C2D-85B1-4CB3-9736-BDEC19ECF3A2}.Debug|x64.Build.0 = Debug|Any CPU
		{605E9C2D-85B1-4CB3-9736-BDEC19ECF3A2}.Debug|x86.ActiveCfg = Debug|Any CPU
		{605E9C2D-85B1-4CB3-9736-BDEC19ECF3A2}.Debug|x86.Build.0 = Debug|Any CPU
		{605E9C2D-85B1-4CB3-9736-BDEC19ECF3A2}.Development|Any CPU.ActiveCfg = Development|Any CPU
		{605E9C2D-85B1-4CB3-9736-BDEC19ECF3A2}.Development|Any CPU.Build.0 = Development|Any CPU
		{605E9C2D-85B1-4CB3-9736-BDEC19ECF3A2}.Development|ARM.ActiveCfg = Development|Any CPU
		{605E9C2D-85B1-4CB3-9736-BDEC19ECF3A2}.Development|ARM.Build.0 = Development|Any CPU
		{605E9C2D-85B1-4CB3-9736-BDEC19ECF3A2}.Development|x64.ActiveCfg = Development|Any CPU
		{605E9C2D-85B1-4CB3-9736-BDEC19ECF3A2}.Development|x64.Build.0 = Development|Any CPU
		{605E9C2D-85B1-4CB3-9736-BDEC19ECF3A2}.Development|x86.ActiveCfg = Development|Any CPU
		{605E9C2D-85B1-4CB3-9736-BDEC19ECF3A2}.Development|x86.Build.0 = Development|Any CPU
		{605E9C2D-85B1-4CB3-9736-BDEC19ECF3A2}.Release|Any CPU.ActiveCfg = Release|Any CPU
		{605E9C2D-85B1-4CB3-9736-BDEC19ECF3A2}.Release|Any CPU.Build.0 = Release|Any CPU
		{605E9C2D-85B1-4CB3-9736-BDEC19ECF3A2}.Release|ARM.ActiveCfg = Release|Any CPU
		{605E9C2D-85B1-4CB3-9736-BDEC19ECF3A2}.Release|ARM.Build.0 = Release|Any CPU
		{605E9C2D-85B1-4CB3-9736-BDEC19ECF3A2}.Release|x64.ActiveCfg = Release|Any CPU
		{605E9C2D-85B1-4CB3-9736-BDEC19ECF3A2}.Release|x64.Build.0 = Release|Any CPU
		{605E9C2D-85B1-4CB3-9736-BDEC19ECF3A2}.Release|x86.ActiveCfg = Release|Any CPU
		{605E9C2D-85B1-4CB3-9736-BDEC19ECF3A2}.Release|x86.Build.0 = Release|Any CPU
		{3DD797D3-169B-4C08-8EFF-2DD1885C449B}.Debug|Any CPU.ActiveCfg = Debug|Any CPU
		{3DD797D3-169B-4C08-8EFF-2DD1885C449B}.Debug|Any CPU.Build.0 = Debug|Any CPU
		{3DD797D3-169B-4C08-8EFF-2DD1885C449B}.Debug|ARM.ActiveCfg = Debug|Any CPU
		{3DD797D3-169B-4C08-8EFF-2DD1885C449B}.Debug|ARM.Build.0 = Debug|Any CPU
		{3DD797D3-169B-4C08-8EFF-2DD1885C449B}.Debug|x64.ActiveCfg = Debug|Any CPU
		{3DD797D3-169B-4C08-8EFF-2DD1885C449B}.Debug|x64.Build.0 = Debug|Any CPU
		{3DD797D3-169B-4C08-8EFF-2DD1885C449B}.Debug|x86.ActiveCfg = Debug|Any CPU
		{3DD797D3-169B-4C08-8EFF-2DD1885C449B}.Debug|x86.Build.0 = Debug|Any CPU
		{3DD797D3-169B-4C08-8EFF-2DD1885C449B}.Development|Any CPU.ActiveCfg = Development|Any CPU
		{3DD797D3-169B-4C08-8EFF-2DD1885C449B}.Development|Any CPU.Build.0 = Development|Any CPU
		{3DD797D3-169B-4C08-8EFF-2DD1885C449B}.Development|ARM.ActiveCfg = Development|Any CPU
		{3DD797D3-169B-4C08-8EFF-2DD1885C449B}.Development|ARM.Build.0 = Development|Any CPU
		{3DD797D3-169B-4C08-8EFF-2DD1885C449B}.Development|x64.ActiveCfg = Development|Any CPU
		{3DD797D3-169B-4C08-8EFF-2DD1885C449B}.Development|x64.Build.0 = Development|Any CPU
		{3DD797D3-169B-4C08-8EFF-2DD1885C449B}.Development|x86.ActiveCfg = Development|Any CPU
		{3DD797D3-169B-4C08-8EFF-2DD1885C449B}.Development|x86.Build.0 = Development|Any CPU
		{3DD797D3-169B-4C08-8EFF-2DD1885C449B}.Release|Any CPU.ActiveCfg = Release|Any CPU
		{3DD797D3-169B-4C08-8EFF-2DD1885C449B}.Release|Any CPU.Build.0 = Release|Any CPU
		{3DD797D3-169B-4C08-8EFF-2DD1885C449B}.Release|ARM.ActiveCfg = Release|Any CPU
		{3DD797D3-169B-4C08-8EFF-2DD1885C449B}.Release|ARM.Build.0 = Release|Any CPU
		{3DD797D3-169B-4C08-8EFF-2DD1885C449B}.Release|x64.ActiveCfg = Release|Any CPU
		{3DD797D3-169B-4C08-8EFF-2DD1885C449B}.Release|x64.Build.0 = Release|Any CPU
		{3DD797D3-169B-4C08-8EFF-2DD1885C449B}.Release|x86.ActiveCfg = Release|Any CPU
		{3DD797D3-169B-4C08-8EFF-2DD1885C449B}.Release|x86.Build.0 = Release|Any CPU
		{AAE842E7-C2A0-4DD4-BC8B-0758EFB3E56C}.Debug|Any CPU.ActiveCfg = Debug|Any CPU
		{AAE842E7-C2A0-4DD4-BC8B-0758EFB3E56C}.Debug|Any CPU.Build.0 = Debug|Any CPU
		{AAE842E7-C2A0-4DD4-BC8B-0758EFB3E56C}.Debug|ARM.ActiveCfg = Debug|Any CPU
		{AAE842E7-C2A0-4DD4-BC8B-0758EFB3E56C}.Debug|ARM.Build.0 = Debug|Any CPU
		{AAE842E7-C2A0-4DD4-BC8B-0758EFB3E56C}.Debug|x64.ActiveCfg = Debug|Any CPU
		{AAE842E7-C2A0-4DD4-BC8B-0758EFB3E56C}.Debug|x64.Build.0 = Debug|Any CPU
		{AAE842E7-C2A0-4DD4-BC8B-0758EFB3E56C}.Debug|x86.ActiveCfg = Debug|Any CPU
		{AAE842E7-C2A0-4DD4-BC8B-0758EFB3E56C}.Debug|x86.Build.0 = Debug|Any CPU
		{AAE842E7-C2A0-4DD4-BC8B-0758EFB3E56C}.Development|Any CPU.ActiveCfg = Development|Any CPU
		{AAE842E7-C2A0-4DD4-BC8B-0758EFB3E56C}.Development|Any CPU.Build.0 = Development|Any CPU
		{AAE842E7-C2A0-4DD4-BC8B-0758EFB3E56C}.Development|ARM.ActiveCfg = Development|Any CPU
		{AAE842E7-C2A0-4DD4-BC8B-0758EFB3E56C}.Development|ARM.Build.0 = Development|Any CPU
		{AAE842E7-C2A0-4DD4-BC8B-0758EFB3E56C}.Development|x64.ActiveCfg = Development|Any CPU
		{AAE842E7-C2A0-4DD4-BC8B-0758EFB3E56C}.Development|x64.Build.0 = Development|Any CPU
		{AAE842E7-C2A0-4DD4-BC8B-0758EFB3E56C}.Development|x86.ActiveCfg = Development|Any CPU
		{AAE842E7-C2A0-4DD4-BC8B-0758EFB3E56C}.Development|x86.Build.0 = Development|Any CPU
		{AAE842E7-C2A0-4DD4-BC8B-0758EFB3E56C}.Release|Any CPU.ActiveCfg = Release|Any CPU
		{AAE842E7-C2A0-4DD4-BC8B-0758EFB3E56C}.Release|Any CPU.Build.0 = Release|Any CPU
		{AAE842E7-C2A0-4DD4-BC8B-0758EFB3E56C}.Release|ARM.ActiveCfg = Release|Any CPU
		{AAE842E7-C2A0-4DD4-BC8B-0758EFB3E56C}.Release|ARM.Build.0 = Release|Any CPU
		{AAE842E7-C2A0-4DD4-BC8B-0758EFB3E56C}.Release|x64.ActiveCfg = Release|Any CPU
		{AAE842E7-C2A0-4DD4-BC8B-0758EFB3E56C}.Release|x64.Build.0 = Release|Any CPU
		{AAE842E7-C2A0-4DD4-BC8B-0758EFB3E56C}.Release|x86.ActiveCfg = Release|Any CPU
		{AAE842E7-C2A0-4DD4-BC8B-0758EFB3E56C}.Release|x86.Build.0 = Release|Any CPU
		{5FFCFCB5-BB78-4C24-AE55-03C3FD012859}.Debug|Any CPU.ActiveCfg = Debug|Any CPU
		{5FFCFCB5-BB78-4C24-AE55-03C3FD012859}.Debug|Any CPU.Build.0 = Debug|Any CPU
		{5FFCFCB5-BB78-4C24-AE55-03C3FD012859}.Debug|ARM.ActiveCfg = Debug|Any CPU
		{5FFCFCB5-BB78-4C24-AE55-03C3FD012859}.Debug|ARM.Build.0 = Debug|Any CPU
		{5FFCFCB5-BB78-4C24-AE55-03C3FD012859}.Debug|x64.ActiveCfg = Debug|Any CPU
		{5FFCFCB5-BB78-4C24-AE55-03C3FD012859}.Debug|x64.Build.0 = Debug|Any CPU
		{5FFCFCB5-BB78-4C24-AE55-03C3FD012859}.Debug|x86.ActiveCfg = Debug|Any CPU
		{5FFCFCB5-BB78-4C24-AE55-03C3FD012859}.Debug|x86.Build.0 = Debug|Any CPU
		{5FFCFCB5-BB78-4C24-AE55-03C3FD012859}.Development|Any CPU.ActiveCfg = Development|Any CPU
		{5FFCFCB5-BB78-4C24-AE55-03C3FD012859}.Development|Any CPU.Build.0 = Development|Any CPU
		{5FFCFCB5-BB78-4C24-AE55-03C3FD012859}.Development|ARM.ActiveCfg = Development|Any CPU
		{5FFCFCB5-BB78-4C24-AE55-03C3FD012859}.Development|ARM.Build.0 = Development|Any CPU
		{5FFCFCB5-BB78-4C24-AE55-03C3FD012859}.Development|x64.ActiveCfg = Development|Any CPU
		{5FFCFCB5-BB78-4C24-AE55-03C3FD012859}.Development|x64.Build.0 = Development|Any CPU
		{5FFCFCB5-BB78-4C24-AE55-03C3FD012859}.Development|x86.ActiveCfg = Development|Any CPU
		{5FFCFCB5-BB78-4C24-AE55-03C3FD012859}.Development|x86.Build.0 = Development|Any CPU
		{5FFCFCB5-BB78-4C24-AE55-03C3FD012859}.Release|Any CPU.ActiveCfg = Release|Any CPU
		{5FFCFCB5-BB78-4C24-AE55-03C3FD012859}.Release|Any CPU.Build.0 = Release|Any CPU
		{5FFCFCB5-BB78-4C24-AE55-03C3FD012859}.Release|ARM.ActiveCfg = Release|Any CPU
		{5FFCFCB5-BB78-4C24-AE55-03C3FD012859}.Release|ARM.Build.0 = Release|Any CPU
		{5FFCFCB5-BB78-4C24-AE55-03C3FD012859}.Release|x64.ActiveCfg = Release|Any CPU
		{5FFCFCB5-BB78-4C24-AE55-03C3FD012859}.Release|x64.Build.0 = Release|Any CPU
		{5FFCFCB5-BB78-4C24-AE55-03C3FD012859}.Release|x86.ActiveCfg = Release|Any CPU
		{5FFCFCB5-BB78-4C24-AE55-03C3FD012859}.Release|x86.Build.0 = Release|Any CPU
		{99FEB25D-9F2B-4407-AD5C-7943FD6C3264}.Debug|Any CPU.ActiveCfg = Debug|Any CPU
		{99FEB25D-9F2B-4407-AD5C-7943FD6C3264}.Debug|Any CPU.Build.0 = Debug|Any CPU
		{99FEB25D-9F2B-4407-AD5C-7943FD6C3264}.Debug|ARM.ActiveCfg = Debug|Any CPU
		{99FEB25D-9F2B-4407-AD5C-7943FD6C3264}.Debug|ARM.Build.0 = Debug|Any CPU
		{99FEB25D-9F2B-4407-AD5C-7943FD6C3264}.Debug|x64.ActiveCfg = Debug|Any CPU
		{99FEB25D-9F2B-4407-AD5C-7943FD6C3264}.Debug|x64.Build.0 = Debug|Any CPU
		{99FEB25D-9F2B-4407-AD5C-7943FD6C3264}.Debug|x86.ActiveCfg = Debug|Any CPU
		{99FEB25D-9F2B-4407-AD5C-7943FD6C3264}.Debug|x86.Build.0 = Debug|Any CPU
		{99FEB25D-9F2B-4407-AD5C-7943FD6C3264}.Development|Any CPU.ActiveCfg = Development|Any CPU
		{99FEB25D-9F2B-4407-AD5C-7943FD6C3264}.Development|Any CPU.Build.0 = Development|Any CPU
		{99FEB25D-9F2B-4407-AD5C-7943FD6C3264}.Development|ARM.ActiveCfg = Development|Any CPU
		{99FEB25D-9F2B-4407-AD5C-7943FD6C3264}.Development|ARM.Build.0 = Development|Any CPU
		{99FEB25D-9F2B-4407-AD5C-7943FD6C3264}.Development|x64.ActiveCfg = Development|Any CPU
		{99FEB25D-9F2B-4407-AD5C-7943FD6C3264}.Development|x64.Build.0 = Development|Any CPU
		{99FEB25D-9F2B-4407-AD5C-7943FD6C3264}.Development|x86.ActiveCfg = Development|Any CPU
		{99FEB25D-9F2B-4407-AD5C-7943FD6C3264}.Development|x86.Build.0 = Development|Any CPU
		{99FEB25D-9F2B-4407-AD5C-7943FD6C3264}.Release|Any CPU.ActiveCfg = Release|Any CPU
		{99FEB25D-9F2B-4407-AD5C-7943FD6C3264}.Release|Any CPU.Build.0 = Release|Any CPU
		{99FEB25D-9F2B-4407-AD5C-7943FD6C3264}.Release|ARM.ActiveCfg = Release|Any CPU
		{99FEB25D-9F2B-4407-AD5C-7943FD6C3264}.Release|ARM.Build.0 = Release|Any CPU
		{99FEB25D-9F2B-4407-AD5C-7943FD6C3264}.Release|x64.ActiveCfg = Release|Any CPU
		{99FEB25D-9F2B-4407-AD5C-7943FD6C3264}.Release|x64.Build.0 = Release|Any CPU
		{99FEB25D-9F2B-4407-AD5C-7943FD6C3264}.Release|x86.ActiveCfg = Release|Any CPU
		{99FEB25D-9F2B-4407-AD5C-7943FD6C3264}.Release|x86.Build.0 = Release|Any CPU
		{EF44DE6F-2647-4EBA-A888-F0596E674B86}.Debug|Any CPU.ActiveCfg = Debug|Any CPU
		{EF44DE6F-2647-4EBA-A888-F0596E674B86}.Debug|Any CPU.Build.0 = Debug|Any CPU
		{EF44DE6F-2647-4EBA-A888-F0596E674B86}.Debug|ARM.ActiveCfg = Debug|Any CPU
		{EF44DE6F-2647-4EBA-A888-F0596E674B86}.Debug|ARM.Build.0 = Debug|Any CPU
		{EF44DE6F-2647-4EBA-A888-F0596E674B86}.Debug|x64.ActiveCfg = Debug|Any CPU
		{EF44DE6F-2647-4EBA-A888-F0596E674B86}.Debug|x64.Build.0 = Debug|Any CPU
		{EF44DE6F-2647-4EBA-A888-F0596E674B86}.Debug|x86.ActiveCfg = Debug|Any CPU
		{EF44DE6F-2647-4EBA-A888-F0596E674B86}.Debug|x86.Build.0 = Debug|Any CPU
		{EF44DE6F-2647-4EBA-A888-F0596E674B86}.Development|Any CPU.ActiveCfg = Development|Any CPU
		{EF44DE6F-2647-4EBA-A888-F0596E674B86}.Development|Any CPU.Build.0 = Development|Any CPU
		{EF44DE6F-2647-4EBA-A888-F0596E674B86}.Development|ARM.ActiveCfg = Development|Any CPU
		{EF44DE6F-2647-4EBA-A888-F0596E674B86}.Development|ARM.Build.0 = Development|Any CPU
		{EF44DE6F-2647-4EBA-A888-F0596E674B86}.Development|x64.ActiveCfg = Development|Any CPU
		{EF44DE6F-2647-4EBA-A888-F0596E674B86}.Development|x64.Build.0 = Development|Any CPU
		{EF44DE6F-2647-4EBA-A888-F0596E674B86}.Development|x86.ActiveCfg = Development|Any CPU
		{EF44DE6F-2647-4EBA-A888-F0596E674B86}.Development|x86.Build.0 = Development|Any CPU
		{EF44DE6F-2647-4EBA-A888-F0596E674B86}.Release|Any CPU.ActiveCfg = Release|Any CPU
		{EF44DE6F-2647-4EBA-A888-F0596E674B86}.Release|Any CPU.Build.0 = Release|Any CPU
		{EF44DE6F-2647-4EBA-A888-F0596E674B86}.Release|ARM.ActiveCfg = Release|Any CPU
		{EF44DE6F-2647-4EBA-A888-F0596E674B86}.Release|ARM.Build.0 = Release|Any CPU
		{EF44DE6F-2647-4EBA-A888-F0596E674B86}.Release|x64.ActiveCfg = Release|Any CPU
		{EF44DE6F-2647-4EBA-A888-F0596E674B86}.Release|x64.Build.0 = Release|Any CPU
		{EF44DE6F-2647-4EBA-A888-F0596E674B86}.Release|x86.ActiveCfg = Release|Any CPU
		{EF44DE6F-2647-4EBA-A888-F0596E674B86}.Release|x86.Build.0 = Release|Any CPU
		{19B7E513-AA5C-46E7-863E-2E1D380CF918}.Debug|Any CPU.ActiveCfg = Debug|Any CPU
		{19B7E513-AA5C-46E7-863E-2E1D380CF918}.Debug|Any CPU.Build.0 = Debug|Any CPU
		{19B7E513-AA5C-46E7-863E-2E1D380CF918}.Debug|ARM.ActiveCfg = Debug|Any CPU
		{19B7E513-AA5C-46E7-863E-2E1D380CF918}.Debug|ARM.Build.0 = Debug|Any CPU
		{19B7E513-AA5C-46E7-863E-2E1D380CF918}.Debug|x64.ActiveCfg = Debug|Any CPU
		{19B7E513-AA5C-46E7-863E-2E1D380CF918}.Debug|x64.Build.0 = Debug|Any CPU
		{19B7E513-AA5C-46E7-863E-2E1D380CF918}.Debug|x86.ActiveCfg = Debug|Any CPU
		{19B7E513-AA5C-46E7-863E-2E1D380CF918}.Debug|x86.Build.0 = Debug|Any CPU
		{19B7E513-AA5C-46E7-863E-2E1D380CF918}.Development|Any CPU.ActiveCfg = Development|Any CPU
		{19B7E513-AA5C-46E7-863E-2E1D380CF918}.Development|Any CPU.Build.0 = Development|Any CPU
		{19B7E513-AA5C-46E7-863E-2E1D380CF918}.Development|ARM.ActiveCfg = Development|Any CPU
		{19B7E513-AA5C-46E7-863E-2E1D380CF918}.Development|ARM.Build.0 = Development|Any CPU
		{19B7E513-AA5C-46E7-863E-2E1D380CF918}.Development|x64.ActiveCfg = Development|Any CPU
		{19B7E513-AA5C-46E7-863E-2E1D380CF918}.Development|x64.Build.0 = Development|Any CPU
		{19B7E513-AA5C-46E7-863E-2E1D380CF918}.Development|x86.ActiveCfg = Development|Any CPU
		{19B7E513-AA5C-46E7-863E-2E1D380CF918}.Development|x86.Build.0 = Development|Any CPU
		{19B7E513-AA5C-46E7-863E-2E1D380CF918}.Release|Any CPU.ActiveCfg = Release|Any CPU
		{19B7E513-AA5C-46E7-863E-2E1D380CF918}.Release|Any CPU.Build.0 = Release|Any CPU
		{19B7E513-AA5C-46E7-863E-2E1D380CF918}.Release|ARM.ActiveCfg = Release|Any CPU
		{19B7E513-AA5C-46E7-863E-2E1D380CF918}.Release|ARM.Build.0 = Release|Any CPU
		{19B7E513-AA5C-46E7-863E-2E1D380CF918}.Release|x64.ActiveCfg = Release|Any CPU
		{19B7E513-AA5C-46E7-863E-2E1D380CF918}.Release|x64.Build.0 = Release|Any CPU
		{19B7E513-AA5C-46E7-863E-2E1D380CF918}.Release|x86.ActiveCfg = Release|Any CPU
		{19B7E513-AA5C-46E7-863E-2E1D380CF918}.Release|x86.Build.0 = Release|Any CPU
		{60073C6F-72D5-434F-A021-A125DF6C944F}.Debug|Any CPU.ActiveCfg = Debug|Any CPU
		{60073C6F-72D5-434F-A021-A125DF6C944F}.Debug|Any CPU.Build.0 = Debug|Any CPU
		{60073C6F-72D5-434F-A021-A125DF6C944F}.Debug|ARM.ActiveCfg = Debug|Any CPU
		{60073C6F-72D5-434F-A021-A125DF6C944F}.Debug|x64.ActiveCfg = Debug|Any CPU
		{60073C6F-72D5-434F-A021-A125DF6C944F}.Debug|x86.ActiveCfg = Debug|Any CPU
		{60073C6F-72D5-434F-A021-A125DF6C944F}.Development|Any CPU.ActiveCfg = Development|Any CPU
		{60073C6F-72D5-434F-A021-A125DF6C944F}.Development|Any CPU.Build.0 = Development|Any CPU
		{60073C6F-72D5-434F-A021-A125DF6C944F}.Development|ARM.ActiveCfg = Development|Any CPU
		{60073C6F-72D5-434F-A021-A125DF6C944F}.Development|ARM.Build.0 = Development|Any CPU
		{60073C6F-72D5-434F-A021-A125DF6C944F}.Development|x64.ActiveCfg = Development|Any CPU
		{60073C6F-72D5-434F-A021-A125DF6C944F}.Development|x64.Build.0 = Development|Any CPU
		{60073C6F-72D5-434F-A021-A125DF6C944F}.Development|x86.ActiveCfg = Development|Any CPU
		{60073C6F-72D5-434F-A021-A125DF6C944F}.Development|x86.Build.0 = Development|Any CPU
		{60073C6F-72D5-434F-A021-A125DF6C944F}.Release|Any CPU.ActiveCfg = Release|Any CPU
		{60073C6F-72D5-434F-A021-A125DF6C944F}.Release|Any CPU.Build.0 = Release|Any CPU
		{60073C6F-72D5-434F-A021-A125DF6C944F}.Release|ARM.ActiveCfg = Release|Any CPU
		{60073C6F-72D5-434F-A021-A125DF6C944F}.Release|x64.ActiveCfg = Release|Any CPU
		{60073C6F-72D5-434F-A021-A125DF6C944F}.Release|x86.ActiveCfg = Release|Any CPU
		{4173723D-DFC6-4FC5-AE64-FB341B9909ED}.Debug|Any CPU.ActiveCfg = Debug|Any CPU
		{4173723D-DFC6-4FC5-AE64-FB341B9909ED}.Debug|Any CPU.Build.0 = Debug|Any CPU
		{4173723D-DFC6-4FC5-AE64-FB341B9909ED}.Debug|ARM.ActiveCfg = Debug|Any CPU
		{4173723D-DFC6-4FC5-AE64-FB341B9909ED}.Debug|x64.ActiveCfg = Debug|Any CPU
		{4173723D-DFC6-4FC5-AE64-FB341B9909ED}.Debug|x86.ActiveCfg = Debug|Any CPU
		{4173723D-DFC6-4FC5-AE64-FB341B9909ED}.Development|Any CPU.ActiveCfg = Development|Any CPU
		{4173723D-DFC6-4FC5-AE64-FB341B9909ED}.Development|Any CPU.Build.0 = Development|Any CPU
		{4173723D-DFC6-4FC5-AE64-FB341B9909ED}.Development|ARM.ActiveCfg = Development|Any CPU
		{4173723D-DFC6-4FC5-AE64-FB341B9909ED}.Development|ARM.Build.0 = Development|Any CPU
		{4173723D-DFC6-4FC5-AE64-FB341B9909ED}.Development|x64.ActiveCfg = Development|Any CPU
		{4173723D-DFC6-4FC5-AE64-FB341B9909ED}.Development|x64.Build.0 = Development|Any CPU
		{4173723D-DFC6-4FC5-AE64-FB341B9909ED}.Development|x86.ActiveCfg = Development|Any CPU
		{4173723D-DFC6-4FC5-AE64-FB341B9909ED}.Development|x86.Build.0 = Development|Any CPU
		{4173723D-DFC6-4FC5-AE64-FB341B9909ED}.Release|Any CPU.ActiveCfg = Release|Any CPU
		{4173723D-DFC6-4FC5-AE64-FB341B9909ED}.Release|Any CPU.Build.0 = Release|Any CPU
		{4173723D-DFC6-4FC5-AE64-FB341B9909ED}.Release|ARM.ActiveCfg = Release|Any CPU
		{4173723D-DFC6-4FC5-AE64-FB341B9909ED}.Release|x64.ActiveCfg = Release|Any CPU
		{4173723D-DFC6-4FC5-AE64-FB341B9909ED}.Release|x86.ActiveCfg = Release|Any CPU
		{06C7E068-6211-48F3-9D88-487C82059AF0}.Debug|Any CPU.ActiveCfg = Debug|Any CPU
		{06C7E068-6211-48F3-9D88-487C82059AF0}.Debug|Any CPU.Build.0 = Debug|Any CPU
		{06C7E068-6211-48F3-9D88-487C82059AF0}.Debug|ARM.ActiveCfg = Debug|Any CPU
		{06C7E068-6211-48F3-9D88-487C82059AF0}.Debug|ARM.Build.0 = Debug|Any CPU
		{06C7E068-6211-48F3-9D88-487C82059AF0}.Debug|x64.ActiveCfg = Debug|Any CPU
		{06C7E068-6211-48F3-9D88-487C82059AF0}.Debug|x64.Build.0 = Debug|Any CPU
		{06C7E068-6211-48F3-9D88-487C82059AF0}.Debug|x86.ActiveCfg = Debug|Any CPU
		{06C7E068-6211-48F3-9D88-487C82059AF0}.Debug|x86.Build.0 = Debug|Any CPU
		{06C7E068-6211-48F3-9D88-487C82059AF0}.Development|Any CPU.ActiveCfg = Development|Any CPU
		{06C7E068-6211-48F3-9D88-487C82059AF0}.Development|Any CPU.Build.0 = Development|Any CPU
		{06C7E068-6211-48F3-9D88-487C82059AF0}.Development|ARM.ActiveCfg = Development|Any CPU
		{06C7E068-6211-48F3-9D88-487C82059AF0}.Development|ARM.Build.0 = Development|Any CPU
		{06C7E068-6211-48F3-9D88-487C82059AF0}.Development|x64.ActiveCfg = Development|Any CPU
		{06C7E068-6211-48F3-9D88-487C82059AF0}.Development|x64.Build.0 = Development|Any CPU
		{06C7E068-6211-48F3-9D88-487C82059AF0}.Development|x86.ActiveCfg = Development|Any CPU
		{06C7E068-6211-48F3-9D88-487C82059AF0}.Development|x86.Build.0 = Development|Any CPU
		{06C7E068-6211-48F3-9D88-487C82059AF0}.Release|Any CPU.ActiveCfg = Release|Any CPU
		{06C7E068-6211-48F3-9D88-487C82059AF0}.Release|Any CPU.Build.0 = Release|Any CPU
		{06C7E068-6211-48F3-9D88-487C82059AF0}.Release|ARM.ActiveCfg = Release|Any CPU
		{06C7E068-6211-48F3-9D88-487C82059AF0}.Release|ARM.Build.0 = Release|Any CPU
		{06C7E068-6211-48F3-9D88-487C82059AF0}.Release|x64.ActiveCfg = Release|Any CPU
		{06C7E068-6211-48F3-9D88-487C82059AF0}.Release|x64.Build.0 = Release|Any CPU
		{06C7E068-6211-48F3-9D88-487C82059AF0}.Release|x86.ActiveCfg = Release|Any CPU
		{06C7E068-6211-48F3-9D88-487C82059AF0}.Release|x86.Build.0 = Release|Any CPU
		{5FDFF6A9-A005-4EC6-B8D6-E9DD75C9AD32}.Debug|Any CPU.ActiveCfg = Debug|Any CPU
		{5FDFF6A9-A005-4EC6-B8D6-E9DD75C9AD32}.Debug|Any CPU.Build.0 = Debug|Any CPU
		{5FDFF6A9-A005-4EC6-B8D6-E9DD75C9AD32}.Debug|ARM.ActiveCfg = Debug|Any CPU
		{5FDFF6A9-A005-4EC6-B8D6-E9DD75C9AD32}.Debug|ARM.Build.0 = Debug|Any CPU
		{5FDFF6A9-A005-4EC6-B8D6-E9DD75C9AD32}.Debug|x64.ActiveCfg = Debug|Any CPU
		{5FDFF6A9-A005-4EC6-B8D6-E9DD75C9AD32}.Debug|x64.Build.0 = Debug|Any CPU
		{5FDFF6A9-A005-4EC6-B8D6-E9DD75C9AD32}.Debug|x86.ActiveCfg = Debug|Any CPU
		{5FDFF6A9-A005-4EC6-B8D6-E9DD75C9AD32}.Debug|x86.Build.0 = Debug|Any CPU
		{5FDFF6A9-A005-4EC6-B8D6-E9DD75C9AD32}.Development|Any CPU.ActiveCfg = Development|Any CPU
		{5FDFF6A9-A005-4EC6-B8D6-E9DD75C9AD32}.Development|Any CPU.Build.0 = Development|Any CPU
		{5FDFF6A9-A005-4EC6-B8D6-E9DD75C9AD32}.Development|ARM.ActiveCfg = Development|Any CPU
		{5FDFF6A9-A005-4EC6-B8D6-E9DD75C9AD32}.Development|ARM.Build.0 = Development|Any CPU
		{5FDFF6A9-A005-4EC6-B8D6-E9DD75C9AD32}.Development|x64.ActiveCfg = Development|Any CPU
		{5FDFF6A9-A005-4EC6-B8D6-E9DD75C9AD32}.Development|x64.Build.0 = Development|Any CPU
		{5FDFF6A9-A005-4EC6-B8D6-E9DD75C9AD32}.Development|x86.ActiveCfg = Development|Any CPU
		{5FDFF6A9-A005-4EC6-B8D6-E9DD75C9AD32}.Development|x86.Build.0 = Development|Any CPU
		{5FDFF6A9-A005-4EC6-B8D6-E9DD75C9AD32}.Release|Any CPU.ActiveCfg = Release|Any CPU
		{5FDFF6A9-A005-4EC6-B8D6-E9DD75C9AD32}.Release|Any CPU.Build.0 = Release|Any CPU
		{5FDFF6A9-A005-4EC6-B8D6-E9DD75C9AD32}.Release|ARM.ActiveCfg = Release|Any CPU
		{5FDFF6A9-A005-4EC6-B8D6-E9DD75C9AD32}.Release|ARM.Build.0 = Release|Any CPU
		{5FDFF6A9-A005-4EC6-B8D6-E9DD75C9AD32}.Release|x64.ActiveCfg = Release|Any CPU
		{5FDFF6A9-A005-4EC6-B8D6-E9DD75C9AD32}.Release|x64.Build.0 = Release|Any CPU
		{5FDFF6A9-A005-4EC6-B8D6-E9DD75C9AD32}.Release|x86.ActiveCfg = Release|Any CPU
		{5FDFF6A9-A005-4EC6-B8D6-E9DD75C9AD32}.Release|x86.Build.0 = Release|Any CPU
		{3822F24C-B886-43C2-8875-A79E5BF20B8D}.Debug|Any CPU.ActiveCfg = Debug|Any CPU
		{3822F24C-B886-43C2-8875-A79E5BF20B8D}.Debug|Any CPU.Build.0 = Debug|Any CPU
		{3822F24C-B886-43C2-8875-A79E5BF20B8D}.Debug|ARM.ActiveCfg = Debug|Any CPU
		{3822F24C-B886-43C2-8875-A79E5BF20B8D}.Debug|x64.ActiveCfg = Debug|Any CPU
		{3822F24C-B886-43C2-8875-A79E5BF20B8D}.Debug|x86.ActiveCfg = Debug|Any CPU
		{3822F24C-B886-43C2-8875-A79E5BF20B8D}.Development|Any CPU.ActiveCfg = Development|Any CPU
		{3822F24C-B886-43C2-8875-A79E5BF20B8D}.Development|Any CPU.Build.0 = Development|Any CPU
		{3822F24C-B886-43C2-8875-A79E5BF20B8D}.Development|ARM.ActiveCfg = Development|Any CPU
		{3822F24C-B886-43C2-8875-A79E5BF20B8D}.Development|ARM.Build.0 = Development|Any CPU
		{3822F24C-B886-43C2-8875-A79E5BF20B8D}.Development|x64.ActiveCfg = Development|Any CPU
		{3822F24C-B886-43C2-8875-A79E5BF20B8D}.Development|x64.Build.0 = Development|Any CPU
		{3822F24C-B886-43C2-8875-A79E5BF20B8D}.Development|x86.ActiveCfg = Development|Any CPU
		{3822F24C-B886-43C2-8875-A79E5BF20B8D}.Development|x86.Build.0 = Development|Any CPU
		{3822F24C-B886-43C2-8875-A79E5BF20B8D}.Release|Any CPU.ActiveCfg = Release|Any CPU
		{3822F24C-B886-43C2-8875-A79E5BF20B8D}.Release|Any CPU.Build.0 = Release|Any CPU
		{3822F24C-B886-43C2-8875-A79E5BF20B8D}.Release|ARM.ActiveCfg = Release|Any CPU
		{3822F24C-B886-43C2-8875-A79E5BF20B8D}.Release|x64.ActiveCfg = Release|Any CPU
		{3822F24C-B886-43C2-8875-A79E5BF20B8D}.Release|x86.ActiveCfg = Release|Any CPU
	EndGlobalSection
	GlobalSection(SolutionProperties) = preSolution
		HideSolutionNode = FALSE
	EndGlobalSection
EndGlobal
